
Microsoft Visual Studio Solution File, Format Version 12.00
# Visual Studio Version 16
VisualStudioVersion = 16.0.32002.261
MinimumVisualStudioVersion = 10.0.40219.1
Project("{FAE04EC0-301F-11D3-BF4B-00C04F79EFBC}") = "SamSWAT.HeliCrash.TyrianReboot", "SamSWAT.HeliCrash.TyrianReboot.csproj", "{108B64A1-AEFD-4660-9B8B-363B62CB9621}"
EndProject
Global
	GlobalSection(SolutionConfigurationPlatforms) = preSolution
		Debug|Any CPU = Debug|Any CPU
		Release|Any CPU = Release|Any CPU
	EndGlobalSection
	GlobalSection(ProjectConfigurationPlatforms) = postSolution
		{108B64A1-AEFD-4660-9B8B-363B62CB9621}.Debug|Any CPU.ActiveCfg = Debug|Any CPU
		{108B64A1-AEFD-4660-9B8B-363B62CB9621}.Debug|Any CPU.Build.0 = Debug|Any CPU
		{108B64A1-AEFD-4660-9B8B-363B62CB9621}.Release|Any CPU.ActiveCfg = Release|Any CPU
		{108B64A1-AEFD-4660-9B8B-363B62CB9621}.Release|Any CPU.Build.0 = Release|Any CPU
	EndGlobalSection
	GlobalSection(SolutionProperties) = preSolution
		HideSolutionNode = FALSE
	EndGlobalSection
	GlobalSection(ExtensibilityGlobals) = postSolution
		SolutionGuid = {C9F16192-FFC1-4438-AB0A-29AE28DF7DE9}
	EndGlobalSection
EndGlobal
